
Microsoft Visual Studio Solution File, Format Version 12.00
# Visual Studio 15
Project("{FAE04EC0-301F-11D3-BF4B-00C04F79EFBC}") = "Assembly-CSharp", "Assembly-CSharp.csproj", "{9D30C8CC-FBB8-B16A-17F5-8E237CBD3771}"
EndProject
Project("{FAE04EC0-301F-11D3-BF4B-00C04F79EFBC}") = "Assembly-CSharp-Editor", "Assembly-CSharp-Editor.csproj", "{98A03B13-B3D6-AB7E-1AB6-3C5CF0A23163}"
EndProject
Global
	GlobalSection(SolutionConfigurationPlatforms) = preSolution
		Debug|Any CPU = Debug|Any CPU
		Release|Any CPU = Release|Any CPU
	EndGlobalSection
	GlobalSection(ProjectConfigurationPlatforms) = postSolution
		{9D30C8CC-FBB8-B16A-17F5-8E237CBD3771}.Debug|Any CPU.ActiveCfg = Debug|Any CPU
		{9D30C8CC-FBB8-B16A-17F5-8E237CBD3771}.Debug|Any CPU.Build.0 = Debug|Any CPU
		{9D30C8CC-FBB8-B16A-17F5-8E237CBD3771}.Release|Any CPU.ActiveCfg = Release|Any CPU
		{9D30C8CC-FBB8-B16A-17F5-8E237CBD3771}.Release|Any CPU.Build.0 = Release|Any CPU
		{98A03B13-B3D6-AB7E-1AB6-3C5CF0A23163}.Debug|Any CPU.ActiveCfg = Debug|Any CPU
		{98A03B13-B3D6-AB7E-1AB6-3C5CF0A23163}.Debug|Any CPU.Build.0 = Debug|Any CPU
		{98A03B13-B3D6-AB7E-1AB6-3C5CF0A23163}.Release|Any CPU.ActiveCfg = Release|Any CPU
		{98A03B13-B3D6-AB7E-1AB6-3C5CF0A23163}.Release|Any CPU.Build.0 = Release|Any CPU
	EndGlobalSection
	GlobalSection(SolutionProperties) = preSolution
		HideSolutionNode = FALSE
	EndGlobalSection
	GlobalSection(MonoDevelopProperties) = preSolution
		StartupItem = Assembly-CSharp.csproj
	EndGlobalSection
EndGlobal
