
Microsoft Visual Studio Solution File, Format Version 12.00
# Visual Studio 15
Project("{FAE04EC0-301F-11D3-BF4B-00C04F79EFBC}") = "Assembly-CSharp", "Assembly-CSharp.csproj", "{752AC623-9853-EADB-4F2C-688CF2C76A9F}"
EndProject
Project("{FAE04EC0-301F-11D3-BF4B-00C04F79EFBC}") = "Assembly-CSharp-Editor", "Assembly-CSharp-Editor.csproj", "{357BC12B-E5FB-BE04-1BF5-7A1ADB37BCCD}"
EndProject
Global
	GlobalSection(SolutionConfigurationPlatforms) = preSolution
		Debug|Any CPU = Debug|Any CPU
		Release|Any CPU = Release|Any CPU
	EndGlobalSection
	GlobalSection(ProjectConfigurationPlatforms) = postSolution
		{752AC623-9853-EADB-4F2C-688CF2C76A9F}.Debug|Any CPU.ActiveCfg = Debug|Any CPU
		{752AC623-9853-EADB-4F2C-688CF2C76A9F}.Debug|Any CPU.Build.0 = Debug|Any CPU
		{752AC623-9853-EADB-4F2C-688CF2C76A9F}.Release|Any CPU.ActiveCfg = Release|Any CPU
		{752AC623-9853-EADB-4F2C-688CF2C76A9F}.Release|Any CPU.Build.0 = Release|Any CPU
		{357BC12B-E5FB-BE04-1BF5-7A1ADB37BCCD}.Debug|Any CPU.ActiveCfg = Debug|Any CPU
		{357BC12B-E5FB-BE04-1BF5-7A1ADB37BCCD}.Debug|Any CPU.Build.0 = Debug|Any CPU
		{357BC12B-E5FB-BE04-1BF5-7A1ADB37BCCD}.Release|Any CPU.ActiveCfg = Release|Any CPU
		{357BC12B-E5FB-BE04-1BF5-7A1ADB37BCCD}.Release|Any CPU.Build.0 = Release|Any CPU
	EndGlobalSection
	GlobalSection(SolutionProperties) = preSolution
		HideSolutionNode = FALSE
	EndGlobalSection
	GlobalSection(MonoDevelopProperties) = preSolution
		StartupItem = Assembly-CSharp.csproj
	EndGlobalSection
EndGlobal
